
Microsoft Visual Studio Solution File, Format Version 10.00
# Visual C++ Express 2008
Project("{8BC9CEB8-8B4A-11D0-8D11-00A0C91BC942}") = "guivs2008", "guivs2008.vcproj", "{9F813354-7F3B-44AD-A647-8A92C80C9FA2}"
EndProject
Global
	GlobalSection(SolutionConfigurationPlatforms) = preSolution
		Debug|Win32 = Debug|Win32
		Release|Win32 = Release|Win32
	EndGlobalSection
	GlobalSection(ProjectConfigurationPlatforms) = postSolution
		{9F813354-7F3B-44AD-A647-8A92C80C9FA2}.Debug|Win32.ActiveCfg = Debug|Win32
		{9F813354-7F3B-44AD-A647-8A92C80C9FA2}.Debug|Win32.Build.0 = Debug|Win32
		{9F813354-7F3B-44AD-A647-8A92C80C9FA2}.Release|Win32.ActiveCfg = Release|Win32
		{9F813354-7F3B-44AD-A647-8A92C80C9FA2}.Release|Win32.Build.0 = Release|Win32
	EndGlobalSection
	GlobalSection(SolutionProperties) = preSolution
		HideSolutionNode = FALSE
	EndGlobalSection
EndGlobal
